
Microsoft Visual Studio Solution File, Format Version 12.00
# Visual Studio Version 17
VisualStudioVersion = 17.0.31903.59
MinimumVisualStudioVersion = 10.0.40219.1
Project("{FAE04EC0-301F-11D3-BF4B-00C04F79EFBC}") = "VnRegion", "VnRegion\VnRegion.csproj", "{1575C43D-FD63-4C63-9FAE-2D5D8B620759}"
EndProject
Global
	GlobalSection(SolutionConfigurationPlatforms) = preSolution
		Debug|Any CPU = Debug|Any CPU
		Release|Any CPU = Release|Any CPU
	EndGlobalSection
	GlobalSection(SolutionProperties) = preSolution
		HideSolutionNode = FALSE
	EndGlobalSection
	GlobalSection(ProjectConfigurationPlatforms) = postSolution
		{1575C43D-FD63-4C63-9FAE-2D5D8B620759}.Debug|Any CPU.ActiveCfg = Debug|Any CPU
		{1575C43D-FD63-4C63-9FAE-2D5D8B620759}.Debug|Any CPU.Build.0 = Debug|Any CPU
		{1575C43D-FD63-4C63-9FAE-2D5D8B620759}.Release|Any CPU.ActiveCfg = Release|Any CPU
		{1575C43D-FD63-4C63-9FAE-2D5D8B620759}.Release|Any CPU.Build.0 = Release|Any CPU
	EndGlobalSection
EndGlobal
